{
  "lockfileVersion": 1,
  "configVersion": 1,
  "workspaces": {
    "": {
      "name": "tutor",
      "dependencies": {
        "ai": "^7.0.99",
      },
      "devDependencies": {
        "@types/bun": "latest",
      },
      "peerDependencies": {
        "typescript": "^5",
      },
    },
  },
  "packages": {
    "@ai-sdk/gateway": ["@ai-sdk/gateway@4.0.80", "", { "dependencies": { "@ai-sdk/provider": "4.0.14", "@ai-sdk/provider-utils": "5.0.40", "@vercel/oidc": "3.2.0" }, "peerDependencies": { "zod": "^3.25.76 || ^4.1.8" } }, "sha512-6t+07o8lSthpKf64Xb1qHWR2bWvJ3Fd2oFvS9fQc45p31bi2OUqan246e/ojAmZpWCiMPjKyQ4TBr4MYytnTiQ=="],

    "@ai-sdk/provider": ["@ai-sdk/provider@4.0.14", "", { "dependencies": { "json-schema": "^0.4.0" } }, "sha512-yukP2tbcQQErG5gLCMBGvpvb/rM3D3KlTKG6eKKOdNHLHqtNNDEeBxdYrY/JL+O76B2ig5dXY19H/f1HFSvRiQ=="],

    "@ai-sdk/provider-utils": ["@ai-sdk/provider-utils@5.0.40", "", { "dependencies": { "@ai-sdk/provider": "4.0.14", "@standard-schema/spec": "^1.1.0", "@workflow/serde": "4.1.0", "eventsource-parser": "^3.0.8", "undici": "^7.29.0" }, "peerDependencies": { "zod": "^3.25.76 || ^4.1.8" } }, "sha512-zsXPwSAQ9mRJ2hvyITaLOYUyuGrBmzFhJXOg4mllGmla1PfNxZcm4GwqMiV2xQaDgcgBMdUGxXkp9xekZZNIkg=="],

    "@standard-schema/spec": ["@standard-schema/spec@1.1.0", "", {}, "sha512-l2aFy5jALhniG5HgqrD6jXLi/rUWrKvqN/qJx6yoJsgKhblVd+iqqU4RCXavm/jPityDo5TCvKMnpjKnOriy0w=="],

    "@types/bun": ["@types/bun@1.4.2", "", { "dependencies": { "bun-types": "1.4.2" } }, "sha512-GimotNn7+ZV0uVArItBbriZsR1oNf0+WTzPkdcFrzShI7k2norL0uzEaJT8T33dWr7O/c9ZDuAFQrctKCi72oQ=="],

    "@types/node": ["@types/node@22.20.2", "", { "dependencies": { "undici-types": "~6.21.0" } }, "sha512-xlvWf4Vs9n1PEVYwP1n4vvG07M6y8WgvJ2t0vbrWTmijsIHp1cS+uJ2kMIRdY3nHZK0nCYKrPeD171+SzF4/zw=="],

    "@vercel/oidc": ["@vercel/oidc@3.2.0", "", {}, "sha512-UycprH3T6n3jH0k44NHMa7pnFHGu/N05MjojYr+Mc6I7obkoLIJujSWwin1pCvdy/eOxrI/l3uDLQsmcrOb4ug=="],

    "@workflow/serde": ["@workflow/serde@4.1.0", "", {}, "sha512-pav4F2BoirECWR7Nf1TKt+2eETcBj7jj4cBefQ8VXQCA6NPkaKeLfj/zMgi+3zYV5ZIBT4GuUiphsj0/b9hPQQ=="],

    "ai": ["ai@7.0.99", "", { "dependencies": { "@ai-sdk/gateway": "4.0.80", "@ai-sdk/provider": "4.0.14", "@ai-sdk/provider-utils": "5.0.40" }, "peerDependencies": { "zod": "^3.25.76 || ^4.1.8" } }, "sha512-Ov+3j/nSajaVH5hO8C94wN9wisG5tAJ8HWsLV9d/+nlzrRGUh3oYO3Kp1fRyUNWjAWLSpGLHLPaHCdfxb307Vg=="],

    "bun-types": ["bun-types@1.4.2", "", { "dependencies": { "@types/node": "*" } }, "sha512-bxV1FgK7yBIzjRe5zBozIM4Bem11ZJcCXSrjWRG3YWLt8yFDePu4cLjpebO8OvPeIE9trbyPF4fuj3Cia4Fj3w=="],

    "eventsource-parser": ["eventsource-parser@3.1.1", "", {}, "sha512-EKN1vKAMcZ8MlYMpaNuxN6R9yakzH6uajHcHVTqWJzvu5pWw9DyhbP35HH8MVBQ+dZjAfDxk+A8NiR9KWaXiyQ=="],

    "json-schema": ["json-schema@0.4.0", "", {}, "sha512-es94M3nTIfsEPisRafak+HDLfHXnKBhV3vU5eqPcS3flIWqcxJWgXHXiey3YrpaNsanY5ei1VoYEbOzijuq9BA=="],

    "typescript": ["typescript@5.9.3", "", { "bin": { "tsc": "bin/tsc", "tsserver": "bin/tsserver" } }, "sha512-jl1vZzPDinLr9eUt3J/t7V6FgNEw9QjvBPdysz9KfQDD41fQrC2Y4vKQdiaUpFT4bXlb1RHhLpp8wtm6M5TgSw=="],

    "undici": ["undici@7.29.1", "", {}, "sha512-RYONW2MeafgYlkVOKYKkA/Ag7BmXqgIWCa8t1m0JcxrQg9pI9lEqRhAOruOBCbAohOa/gkCF+iPi9hrgvTzu6Q=="],

    "undici-types": ["undici-types@6.21.0", "", {}, "sha512-iwDZqg0QAGrg9Rav5H4n0M64c3mkR59cJ6wQp+7C4nI0gsmExaedaYLNO44eT4AtBBwjbTiGPMlt2Md0T9H9JQ=="],

    "zod": ["zod@4.6.4", "", {}, "sha512-AXSD6hvGdvRjajG/l1cC+d6IrhH+sjmPKtYeQdJIK8MFJl3LyClzS+o/YsVC+zQZPupAaeH5skwwm8YqYH7BqA=="],
  }
}
